{
  "lockfileVersion": 1,
  "configVersion": 1,
  "workspaces": {
    "": {
      "name": "@blue/api",
      "dependencies": {
        "@blue-labs/document-processor": "latest",
        "@blue-labs/language": "latest",
        "@blue-repository/types": "latest",
        "@types/pg": "^8.20.0",
        "hono": "^4.12.10",
        "pg": "^8.20.0",
        "pg-boss": "^10.1.5",
      },
      "devDependencies": {
        "@types/bun": "latest",
        "typescript": "^5",
      },
    },
  },
  "packages": {
    "@blue-labs/document-processor": ["@blue-labs/document-processor@3.9.2", "", { "dependencies": { "@blue-labs/language": "*", "@blue-labs/shared-utils": "*", "@blue-quickjs/abi-manifest": "0.4.1", "@blue-quickjs/dv": "0.4.1", "@blue-quickjs/quickjs-runtime": "0.4.1", "picomatch": "4.0.3" }, "peerDependencies": { "@blue-repository/types": ">=0.1.0 <1", "zod": "^3.20.0" } }, "sha512-cnVAXDLU/AXK+8FITXvwPSJROj29AB2q3ArP/RtzQum1uTZXcMBLB+1rBTt9eoZlRaGsmGP8yFwfSxzLd/YkKQ=="],

    "@blue-labs/language": ["@blue-labs/language@3.9.2", "", { "dependencies": { "@blue-labs/repository-contract": "*", "@blue-labs/shared-utils": "*", "@types/big.js": "^6.2.2", "@types/js-yaml": "^4.0.9", "base32.js": "^0.1.0", "big.js": "^6.2.1", "bs58": "^6.0.0", "js-sha256": "^0.11.0", "js-yaml": "^4.1.0", "radash": "^12.1.0", "type-fest": "^4.20.1" }, "peerDependencies": { "zod": "^3.20.0" } }, "sha512-a2ljFroafVEfKQlhQvkrthCbKFhiG6yyzC84hFmnAsqXhNlqCgdVqJeNu8TZ7Yo/+JiRKlwg8avFuLQP7eTAWw=="],

    "@blue-labs/repository-contract": ["@blue-labs/repository-contract@3.9.2", "", { "dependencies": { "@blue-labs/shared-utils": "*" }, "peerDependencies": { "zod": "^3.20.0" } }, "sha512-TJYLDLzE37P7r1uZyRvxBNCAslb6r3Fcqpj9KtNXC4vk65tLhJuqWKMJAY1zceXtf6RvHDlzY2roDNF2CLqRfQ=="],

    "@blue-labs/shared-utils": ["@blue-labs/shared-utils@3.9.2", "", { "dependencies": { "fast-deep-equal": "^3.1.3" }, "peerDependencies": { "zod": "^3.20.0" } }, "sha512-siSh0haGc+t9zT0X9iA/4b8WbB9jdv0vhVzym0tido7oiyztep4uidX2OYAwx2figtEdnyZTldyBC/i9MyPvSw=="],

    "@blue-quickjs/abi-manifest": ["@blue-quickjs/abi-manifest@0.4.1", "", { "dependencies": { "@blue-quickjs/dv": "0.4.1", "@noble/hashes": "^1.5.0", "tslib": "^2.3.0" } }, "sha512-7U2YbRKaYzP6YzXaEUWotxyL4exYqnVFcDgnJxjqzQ7bfTbrL3V17PlPb0xbEO5iAJH6stEVW7Aerj+EZY26tw=="],

    "@blue-quickjs/dv": ["@blue-quickjs/dv@0.4.1", "", { "dependencies": { "tslib": "^2.3.0" } }, "sha512-9aNDR13QDGf8lsMyEBH/e5jDtGmcm+Sj+RaVo7GvAfrCh3PeAIvMBx1hA+RwDCg6pharB5xrsubGc1ADgwfpsQ=="],

    "@blue-quickjs/quickjs-runtime": ["@blue-quickjs/quickjs-runtime@0.4.1", "", { "dependencies": { "@blue-quickjs/abi-manifest": "0.4.1", "@blue-quickjs/dv": "0.4.1", "@blue-quickjs/quickjs-wasm": "0.4.1", "tslib": "^2.3.0" } }, "sha512-P63Y/oH/aYQYDtra5AYaLkUDJB0L/UJNr5WihJpLBi8gxj4dWvYcA3rbWFykkjHtlFttZBTl6B+EInhmjjOvhA=="],

    "@blue-quickjs/quickjs-wasm": ["@blue-quickjs/quickjs-wasm@0.4.1", "", { "dependencies": { "@blue-quickjs/quickjs-wasm-constants": "0.4.1" } }, "sha512-4j1o5I0Q1tiyVpTTDSjdh+cUW1zMTUmbIjVDqBIMhPNZLFunD8zXk3EIVouJYYMUJxPrp3u5H8QqPYd0r9yuvA=="],

    "@blue-quickjs/quickjs-wasm-constants": ["@blue-quickjs/quickjs-wasm-constants@0.4.1", "", { "dependencies": { "tslib": "^2.3.0" } }, "sha512-T472cAiHY4iZkE/U+xOUlpDc1xMK9DCqyhIPFwv6pF70P5meaHo5rSQ7x+MsfdhrO6+OWDNiAQB9GrXnGX/Ccg=="],

    "@blue-repository/types": ["@blue-repository/types@0.25.0", "", { "peerDependencies": { "@blue-labs/language": "*", "zod": "^3.23.8" } }, "sha512-yC7JHOSYlnL14SuyxCASqs9B6t//vrgcN803HoH4dzAtwTn1eFiRoNu5lXD1pQCijCFtFHLiCSOvpaOFHEJQ2g=="],

    "@noble/hashes": ["@noble/hashes@1.8.0", "", {}, "sha512-jCs9ldd7NwzpgXDIf6P3+NrHh9/sD6CQdxHyjQI+h/6rDNo88ypBxxz45UDuZHz9r3tNz7N/VInSVoVdtXEI4A=="],

    "@types/big.js": ["@types/big.js@6.2.2", "", {}, "sha512-e2cOW9YlVzFY2iScnGBBkplKsrn2CsObHQ2Hiw4V1sSyiGbgWL8IyqE3zFi1Pt5o1pdAtYkDAIsF3KKUPjdzaA=="],

    "@types/bun": ["@types/bun@1.3.11", "", { "dependencies": { "bun-types": "1.3.11" } }, "sha512-5vPne5QvtpjGpsGYXiFyycfpDF2ECyPcTSsFBMa0fraoxiQyMJ3SmuQIGhzPg2WJuWxVBoxWJ2kClYTcw/4fAg=="],

    "@types/js-yaml": ["@types/js-yaml@4.0.9", "", {}, "sha512-k4MGaQl5TGo/iipqb2UDG2UwjXziSWkh0uysQelTlJpX1qGlpUZYm8PnO4DxG1qBomtJUdYJ6qR6xdIah10JLg=="],

    "@types/node": ["@types/node@25.5.2", "", { "dependencies": { "undici-types": "~7.18.0" } }, "sha512-tO4ZIRKNC+MDWV4qKVZe3Ql/woTnmHDr5JD8UI5hn2pwBrHEwOEMZK7WlNb5RKB6EoJ02gwmQS9OrjuFnZYdpg=="],

    "@types/pg": ["@types/pg@8.20.0", "", { "dependencies": { "@types/node": "*", "pg-protocol": "*", "pg-types": "^2.2.0" } }, "sha512-bEPFOaMAHTEP1EzpvHTbmwR8UsFyHSKsRisLIHVMXnpNefSbGA1bD6CVy+qKjGSqmZqNqBDV2azOBo8TgkcVow=="],

    "argparse": ["argparse@2.0.1", "", {}, "sha512-8+9WqebbFzpX9OR+Wa6O29asIogeRMzcGtAINdpMHHyAg10f05aSFVBbcEqGf/PXw1EjAZ+q2/bEBg3DvurK3Q=="],

    "base-x": ["base-x@5.0.1", "", {}, "sha512-M7uio8Zt++eg3jPj+rHMfCC+IuygQHHCOU+IYsVtik6FWjuYpVt/+MRKcgsAMHh8mMFAwnB+Bs+mTrFiXjMzKg=="],

    "base32.js": ["base32.js@0.1.0", "", {}, "sha512-n3TkB02ixgBOhTvANakDb4xaMXnYUVkNoRFJjQflcqMQhyEKxEHdj3E6N8t8sUQ0mjH/3/JxzlXuz3ul/J90pQ=="],

    "big.js": ["big.js@6.2.2", "", {}, "sha512-y/ie+Faknx7sZA5MfGA2xKlu0GDv8RWrXGsmlteyJQ2lvoKv9GBK/fpRMc2qlSoBAgNxrixICFCBefIq8WCQpQ=="],

    "bs58": ["bs58@6.0.0", "", { "dependencies": { "base-x": "^5.0.0" } }, "sha512-PD0wEnEYg6ijszw/u8s+iI3H17cTymlrwkKhDhPZq+Sokl3AU4htyBFTjAeNAlCCmg0f53g6ih3jATyCKftTfw=="],

    "bun-types": ["bun-types@1.3.11", "", { "dependencies": { "@types/node": "*" } }, "sha512-1KGPpoxQWl9f6wcZh57LvrPIInQMn2TQ7jsgxqpRzg+l0QPOFvJVH7HmvHo/AiPgwXy+/Thf6Ov3EdVn1vOabg=="],

    "cron-parser": ["cron-parser@4.9.0", "", { "dependencies": { "luxon": "^3.2.1" } }, "sha512-p0SaNjrHOnQeR8/VnfGbmg9te2kfyYSQ7Sc/j/6DtPL3JQvKxmjO9TSjNFpujqV3vEYYBvNNvXSxzyksBWAx1Q=="],

    "fast-deep-equal": ["fast-deep-equal@3.1.3", "", {}, "sha512-f3qQ9oQy9j2AhBe/H9VC91wLmKBCCU/gDOnKNAYG5hswO7BLKj09Hc5HYNz9cGI++xlpDCIgDaitVs03ATR84Q=="],

    "hono": ["hono@4.12.10", "", {}, "sha512-mx/p18PLy5og9ufies2GOSUqep98Td9q4i/EF6X7yJgAiIopxqdfIO3jbqsi3jRgTgw88jMDEzVKi+V2EF+27w=="],

    "js-sha256": ["js-sha256@0.11.1", "", {}, "sha512-o6WSo/LUvY2uC4j7mO50a2ms7E/EAdbP0swigLV+nzHKTTaYnaLIWJ02VdXrsJX0vGedDESQnLsOekr94ryfjg=="],

    "js-yaml": ["js-yaml@4.1.1", "", { "dependencies": { "argparse": "^2.0.1" }, "bin": { "js-yaml": "bin/js-yaml.js" } }, "sha512-qQKT4zQxXl8lLwBtHMWwaTcGfFOZviOJet3Oy/xmGk2gZH677CJM9EvtfdSkgWcATZhj/55JZ0rmy3myCT5lsA=="],

    "luxon": ["luxon@3.7.2", "", {}, "sha512-vtEhXh/gNjI9Yg1u4jX/0YVPMvxzHuGgCm6tC5kZyb08yjGWGnqAjGJvcXbqQR2P3MyMEFnRbpcdFS6PBcLqew=="],

    "pg": ["pg@8.20.0", "", { "dependencies": { "pg-connection-string": "^2.12.0", "pg-pool": "^3.13.0", "pg-protocol": "^1.13.0", "pg-types": "2.2.0", "pgpass": "1.0.5" }, "optionalDependencies": { "pg-cloudflare": "^1.3.0" }, "peerDependencies": { "pg-native": ">=3.0.1" }, "optionalPeers": ["pg-native"] }, "sha512-ldhMxz2r8fl/6QkXnBD3CR9/xg694oT6DZQ2s6c/RI28OjtSOpxnPrUCGOBJ46RCUxcWdx3p6kw/xnDHjKvaRA=="],

    "pg-boss": ["pg-boss@10.4.2", "", { "dependencies": { "cron-parser": "^4.9.0", "pg": "^8.16.3", "serialize-error": "^8.1.0" } }, "sha512-AttEWOtSzn53av8OnCMWEanwRBvjkZCE1y5nLrZnwvkkMnlZ5XpWDpZ7sKI/BYjvi2OVieMX37arD2ACgJ750w=="],

    "pg-cloudflare": ["pg-cloudflare@1.3.0", "", {}, "sha512-6lswVVSztmHiRtD6I8hw4qP/nDm1EJbKMRhf3HCYaqud7frGysPv7FYJ5noZQdhQtN2xJnimfMtvQq21pdbzyQ=="],

    "pg-connection-string": ["pg-connection-string@2.12.0", "", {}, "sha512-U7qg+bpswf3Cs5xLzRqbXbQl85ng0mfSV/J0nnA31MCLgvEaAo7CIhmeyrmJpOr7o+zm0rXK+hNnT5l9RHkCkQ=="],

    "pg-int8": ["pg-int8@1.0.1", "", {}, "sha512-WCtabS6t3c8SkpDBUlb1kjOs7l66xsGdKpIPZsg4wR+B3+u9UAum2odSsF9tnvxg80h4ZxLWMy4pRjOsFIqQpw=="],

    "pg-pool": ["pg-pool@3.13.0", "", { "peerDependencies": { "pg": ">=8.0" } }, "sha512-gB+R+Xud1gLFuRD/QgOIgGOBE2KCQPaPwkzBBGC9oG69pHTkhQeIuejVIk3/cnDyX39av2AxomQiyPT13WKHQA=="],

    "pg-protocol": ["pg-protocol@1.13.0", "", {}, "sha512-zzdvXfS6v89r6v7OcFCHfHlyG/wvry1ALxZo4LqgUoy7W9xhBDMaqOuMiF3qEV45VqsN6rdlcehHrfDtlCPc8w=="],

    "pg-types": ["pg-types@2.2.0", "", { "dependencies": { "pg-int8": "1.0.1", "postgres-array": "~2.0.0", "postgres-bytea": "~1.0.0", "postgres-date": "~1.0.4", "postgres-interval": "^1.1.0" } }, "sha512-qTAAlrEsl8s4OiEQY69wDvcMIdQN6wdz5ojQiOy6YRMuynxenON0O5oCpJI6lshc6scgAY8qvJ2On/p+CXY0GA=="],

    "pgpass": ["pgpass@1.0.5", "", { "dependencies": { "split2": "^4.1.0" } }, "sha512-FdW9r/jQZhSeohs1Z3sI1yxFQNFvMcnmfuj4WBMUTxOrAyLMaTcE1aAMBiTlbMNaXvBCQuVi0R7hd8udDSP7ug=="],

    "picomatch": ["picomatch@4.0.3", "", {}, "sha512-5gTmgEY/sqK6gFXLIsQNH19lWb4ebPDLA4SdLP7dsWkIXHWlG66oPuVvXSGFPppYZz8ZDZq0dYYrbHfBCVUb1Q=="],

    "postgres-array": ["postgres-array@2.0.0", "", {}, "sha512-VpZrUqU5A69eQyW2c5CA1jtLecCsN2U/bD6VilrFDWq5+5UIEVO7nazS3TEcHf1zuPYO/sqGvUvW62g86RXZuA=="],

    "postgres-bytea": ["postgres-bytea@1.0.1", "", {}, "sha512-5+5HqXnsZPE65IJZSMkZtURARZelel2oXUEO8rH83VS/hxH5vv1uHquPg5wZs8yMAfdv971IU+kcPUczi7NVBQ=="],

    "postgres-date": ["postgres-date@1.0.7", "", {}, "sha512-suDmjLVQg78nMK2UZ454hAG+OAW+HQPZ6n++TNDUX+L0+uUlLywnoxJKDou51Zm+zTCjrCl0Nq6J9C5hP9vK/Q=="],

    "postgres-interval": ["postgres-interval@1.2.0", "", { "dependencies": { "xtend": "^4.0.0" } }, "sha512-9ZhXKM/rw350N1ovuWHbGxnGh/SNJ4cnxHiM0rxE4VN41wsg8P8zWn9hv/buK00RP4WvlOyr/RBDiptyxVbkZQ=="],

    "radash": ["radash@12.1.1", "", {}, "sha512-h36JMxKRqrAxVD8201FrCpyeNuUY9Y5zZwujr20fFO77tpUtGa6EZzfKw/3WaiBX95fq7+MpsuMLNdSnORAwSA=="],

    "serialize-error": ["serialize-error@8.1.0", "", { "dependencies": { "type-fest": "^0.20.2" } }, "sha512-3NnuWfM6vBYoy5gZFvHiYsVbafvI9vZv/+jlIigFn4oP4zjNPK3LhcY0xSCgeb1a5L8jO71Mit9LlNoi2UfDDQ=="],

    "split2": ["split2@4.2.0", "", {}, "sha512-UcjcJOWknrNkF6PLX83qcHM6KHgVKNkV62Y8a5uYDVv9ydGQVwAHMKqHdJje1VTWpljG0WYpCDhrCdAOYH4TWg=="],

    "tslib": ["tslib@2.8.1", "", {}, "sha512-oJFu94HQb+KVduSUQL7wnpmqnfmLsOA/nAh6b6EH0wCEoK0/mPeXU6c3wKDV83MkOuHPRHtSXKKU99IBazS/2w=="],

    "type-fest": ["type-fest@4.41.0", "", {}, "sha512-TeTSQ6H5YHvpqVwBRcnLDCBnDOHWYu7IvGbHT6N8AOymcr9PJGjc1GTtiWZTYg0NCgYwvnYWEkVChQAr9bjfwA=="],

    "typescript": ["typescript@5.9.3", "", { "bin": { "tsc": "bin/tsc", "tsserver": "bin/tsserver" } }, "sha512-jl1vZzPDinLr9eUt3J/t7V6FgNEw9QjvBPdysz9KfQDD41fQrC2Y4vKQdiaUpFT4bXlb1RHhLpp8wtm6M5TgSw=="],

    "undici-types": ["undici-types@7.18.2", "", {}, "sha512-AsuCzffGHJybSaRrmr5eHr81mwJU3kjw6M+uprWvCXiNeN9SOGwQ3Jn8jb8m3Z6izVgknn1R0FTCEAP2QrLY/w=="],

    "xtend": ["xtend@4.0.2", "", {}, "sha512-LKYU1iAXJXUgAXn9URjiu+MWhyUXHsvfp7mcuYm9dSUKK0/CjtrUwFAxD82/mCWbtLsGjFIad0wIsod4zrTAEQ=="],

    "zod": ["zod@3.25.76", "", {}, "sha512-gzUt/qt81nXsFGKIFcC3YnfEAx5NkunCfnDlvuBSSFS02bcXu4Lmea0AFIUwbLWxWPx3d9p8S5QoaujKcNQxcQ=="],

    "serialize-error/type-fest": ["type-fest@0.20.2", "", {}, "sha512-Ne+eE4r0/iWnpAxD852z3A+N0Bt5RN//NjJwRd2VFHEmrywxf5vsZlh4R6lixl6B+wz/8d+maTSAkN1FIkI3LQ=="],
  }
}
